
Microsoft Visual Studio Solution File, Format Version 12.00
# Visual Studio Version 16
VisualStudioVersion = 16.0.31005.135
MinimumVisualStudioVersion = 10.0.40219.1
Project("{FAE04EC0-301F-11D3-BF4B-00C04F79EFBC}") = "ServerReservasi-126", "ServerReservasi-126\ServerReservasi-126.csproj", "{2DB025BB-3DCA-4D26-A0B0-861399172996}"
EndProject
Global
	GlobalSection(SolutionConfigurationPlatforms) = preSolution
		Debug|Any CPU = Debug|Any CPU
		Release|Any CPU = Release|Any CPU
	EndGlobalSection
	GlobalSection(ProjectConfigurationPlatforms) = postSolution
		{2DB025BB-3DCA-4D26-A0B0-861399172996}.Debug|Any CPU.ActiveCfg = Debug|Any CPU
		{2DB025BB-3DCA-4D26-A0B0-861399172996}.Debug|Any CPU.Build.0 = Debug|Any CPU
		{2DB025BB-3DCA-4D26-A0B0-861399172996}.Release|Any CPU.ActiveCfg = Release|Any CPU
		{2DB025BB-3DCA-4D26-A0B0-861399172996}.Release|Any CPU.Build.0 = Release|Any CPU
	EndGlobalSection
	GlobalSection(SolutionProperties) = preSolution
		HideSolutionNode = FALSE
	EndGlobalSection
	GlobalSection(ExtensibilityGlobals) = postSolution
		SolutionGuid = {89C42E3D-1FF5-4B53-BC6D-5129368374A5}
	EndGlobalSection
EndGlobal
